
Microsoft Visual Studio Solution File, Format Version 12.00
# Visual Studio Version 16
VisualStudioVersion = 16.0.30804.86
MinimumVisualStudioVersion = 10.0.40219.1
Project("{FAE04EC0-301F-11D3-BF4B-00C04F79EFBC}") = "M3 project", "M3 project\M3 project.csproj", "{A2C45121-D0DE-433F-8AF5-E238D3235A92}"
EndProject
Global
	GlobalSection(SolutionConfigurationPlatforms) = preSolution
		Debug|Any CPU = Debug|Any CPU
		Release|Any CPU = Release|Any CPU
	EndGlobalSection
	GlobalSection(ProjectConfigurationPlatforms) = postSolution
		{A2C45121-D0DE-433F-8AF5-E238D3235A92}.Debug|Any CPU.ActiveCfg = Debug|Any CPU
		{A2C45121-D0DE-433F-8AF5-E238D3235A92}.Debug|Any CPU.Build.0 = Debug|Any CPU
		{A2C45121-D0DE-433F-8AF5-E238D3235A92}.Release|Any CPU.ActiveCfg = Release|Any CPU
		{A2C45121-D0DE-433F-8AF5-E238D3235A92}.Release|Any CPU.Build.0 = Release|Any CPU
	EndGlobalSection
	GlobalSection(SolutionProperties) = preSolution
		HideSolutionNode = FALSE
	EndGlobalSection
	GlobalSection(ExtensibilityGlobals) = postSolution
		SolutionGuid = {A6378D67-8458-40F1-8B7D-F8C99B728E2D}
	EndGlobalSection
EndGlobal
