
Microsoft Visual Studio Solution File, Format Version 12.00
# Visual Studio Version 16
VisualStudioVersion = 16.0.30804.86
MinimumVisualStudioVersion = 10.0.40219.1
Project("{9A19103F-16F7-4668-BE54-9A1E7A4F7556}") = "M2 Project", "M2 Project\M2 Project.csproj", "{EDF2156D-94D5-4423-BFB0-FB21037DCC54}"
EndProject
Project("{FAE04EC0-301F-11D3-BF4B-00C04F79EFBC}") = "Milestone 2", "Milestone 2\Milestone 2.csproj", "{4F6C2C41-ED32-4184-92AD-11CDED35ACCC}"
EndProject
Global
	GlobalSection(SolutionConfigurationPlatforms) = preSolution
		Debug|Any CPU = Debug|Any CPU
		Release|Any CPU = Release|Any CPU
	EndGlobalSection
	GlobalSection(ProjectConfigurationPlatforms) = postSolution
		{EDF2156D-94D5-4423-BFB0-FB21037DCC54}.Debug|Any CPU.ActiveCfg = Debug|Any CPU
		{EDF2156D-94D5-4423-BFB0-FB21037DCC54}.Debug|Any CPU.Build.0 = Debug|Any CPU
		{EDF2156D-94D5-4423-BFB0-FB21037DCC54}.Release|Any CPU.ActiveCfg = Release|Any CPU
		{EDF2156D-94D5-4423-BFB0-FB21037DCC54}.Release|Any CPU.Build.0 = Release|Any CPU
		{4F6C2C41-ED32-4184-92AD-11CDED35ACCC}.Debug|Any CPU.ActiveCfg = Debug|Any CPU
		{4F6C2C41-ED32-4184-92AD-11CDED35ACCC}.Debug|Any CPU.Build.0 = Debug|Any CPU
		{4F6C2C41-ED32-4184-92AD-11CDED35ACCC}.Release|Any CPU.ActiveCfg = Release|Any CPU
		{4F6C2C41-ED32-4184-92AD-11CDED35ACCC}.Release|Any CPU.Build.0 = Release|Any CPU
	EndGlobalSection
	GlobalSection(SolutionProperties) = preSolution
		HideSolutionNode = FALSE
	EndGlobalSection
	GlobalSection(ExtensibilityGlobals) = postSolution
		SolutionGuid = {3E63EB87-0086-410A-BA63-6ED596FF192D}
	EndGlobalSection
EndGlobal
